
Microsoft Visual Studio Solution File, Format Version 12.00
# Visual Studio 15
VisualStudioVersion = 15.0.28307.572
MinimumVisualStudioVersion = 10.0.40219.1
Project("{E24C65DC-7377-472B-9ABA-BC803B73C61A}") = "adminjual", "app\adminjual\", "{E93566AA-5298-4CFB-8663-15B08F92EC49}"
	ProjectSection(WebsiteProperties) = preProject
		TargetFrameworkMoniker = ".NETFramework,Version%3Dv4.5.2"
		ProjectReferences = "{8de6bb71-e0a1-4bb5-9ec9-6c7a02510085}|eProperty.dll;"
		Debug.AspNetCompiler.VirtualPath = "/localhost_52596"
		Debug.AspNetCompiler.PhysicalPath = "app\adminjual\"
		Debug.AspNetCompiler.TargetPath = "PrecompiledWeb\localhost_52596\"
		Debug.AspNetCompiler.Updateable = "true"
		Debug.AspNetCompiler.ForceOverwrite = "true"
		Debug.AspNetCompiler.FixedNames = "false"
		Debug.AspNetCompiler.Debug = "True"
		Release.AspNetCompiler.VirtualPath = "/localhost_52596"
		Release.AspNetCompiler.PhysicalPath = "app\adminjual\"
		Release.AspNetCompiler.TargetPath = "PrecompiledWeb\localhost_52596\"
		Release.AspNetCompiler.Updateable = "true"
		Release.AspNetCompiler.ForceOverwrite = "true"
		Release.AspNetCompiler.FixedNames = "false"
		Release.AspNetCompiler.Debug = "False"
		VWDPort = "52596"
		SlnRelativePath = "app\adminjual\"
	EndProjectSection
EndProject
Project("{FAE04EC0-301F-11D3-BF4B-00C04F79EFBC}") = "eProperty", "eProperty\eProperty.csproj", "{8DE6BB71-E0A1-4BB5-9EC9-6C7A02510085}"
EndProject
Project("{E24C65DC-7377-472B-9ABA-BC803B73C61A}") = "approval", "app\approval\", "{23926236-A4E6-4E60-9030-80E01B9A0387}"
	ProjectSection(WebsiteProperties) = preProject
		TargetFrameworkMoniker = ".NETFramework,Version%3Dv4.5.2"
		ProjectReferences = "{8de6bb71-e0a1-4bb5-9ec9-6c7a02510085}|eProperty.dll;"
		Debug.AspNetCompiler.VirtualPath = "/localhost_52608"
		Debug.AspNetCompiler.PhysicalPath = "app\approval\"
		Debug.AspNetCompiler.TargetPath = "PrecompiledWeb\localhost_52608\"
		Debug.AspNetCompiler.Updateable = "true"
		Debug.AspNetCompiler.ForceOverwrite = "true"
		Debug.AspNetCompiler.FixedNames = "false"
		Debug.AspNetCompiler.Debug = "True"
		Release.AspNetCompiler.VirtualPath = "/localhost_52608"
		Release.AspNetCompiler.PhysicalPath = "app\approval\"
		Release.AspNetCompiler.TargetPath = "PrecompiledWeb\localhost_52608\"
		Release.AspNetCompiler.Updateable = "true"
		Release.AspNetCompiler.ForceOverwrite = "true"
		Release.AspNetCompiler.FixedNames = "false"
		Release.AspNetCompiler.Debug = "False"
		VWDPort = "52608"
		SlnRelativePath = "app\approval\"
	EndProjectSection
EndProject
Project("{E24C65DC-7377-472B-9ABA-BC803B73C61A}") = "collection", "app\collection\", "{BA488430-8413-499B-B63B-68AE9B6B6B75}"
	ProjectSection(WebsiteProperties) = preProject
		TargetFrameworkMoniker = ".NETFramework,Version%3Dv4.5.2"
		ProjectReferences = "{8de6bb71-e0a1-4bb5-9ec9-6c7a02510085}|eProperty.dll;"
		Debug.AspNetCompiler.VirtualPath = "/localhost_52614"
		Debug.AspNetCompiler.PhysicalPath = "app\collection\"
		Debug.AspNetCompiler.TargetPath = "PrecompiledWeb\localhost_52614\"
		Debug.AspNetCompiler.Updateable = "true"
		Debug.AspNetCompiler.ForceOverwrite = "true"
		Debug.AspNetCompiler.FixedNames = "false"
		Debug.AspNetCompiler.Debug = "True"
		Release.AspNetCompiler.VirtualPath = "/localhost_52614"
		Release.AspNetCompiler.PhysicalPath = "app\collection\"
		Release.AspNetCompiler.TargetPath = "PrecompiledWeb\localhost_52614\"
		Release.AspNetCompiler.Updateable = "true"
		Release.AspNetCompiler.ForceOverwrite = "true"
		Release.AspNetCompiler.FixedNames = "false"
		Release.AspNetCompiler.Debug = "False"
		VWDPort = "52614"
		SlnRelativePath = "app\collection\"
	EndProjectSection
EndProject
Project("{E24C65DC-7377-472B-9ABA-BC803B73C61A}") = "dashboard", "app\dashboard\", "{4708373A-8625-49B3-A95B-C4E0BE45D84F}"
	ProjectSection(WebsiteProperties) = preProject
		TargetFrameworkMoniker = ".NETFramework,Version%3Dv4.5.2"
		ProjectReferences = "{8de6bb71-e0a1-4bb5-9ec9-6c7a02510085}|eProperty.dll;"
		Debug.AspNetCompiler.VirtualPath = "/localhost_52618"
		Debug.AspNetCompiler.PhysicalPath = "app\dashboard\"
		Debug.AspNetCompiler.TargetPath = "PrecompiledWeb\localhost_52618\"
		Debug.AspNetCompiler.Updateable = "true"
		Debug.AspNetCompiler.ForceOverwrite = "true"
		Debug.AspNetCompiler.FixedNames = "false"
		Debug.AspNetCompiler.Debug = "True"
		Release.AspNetCompiler.VirtualPath = "/localhost_52618"
		Release.AspNetCompiler.PhysicalPath = "app\dashboard\"
		Release.AspNetCompiler.TargetPath = "PrecompiledWeb\localhost_52618\"
		Release.AspNetCompiler.Updateable = "true"
		Release.AspNetCompiler.ForceOverwrite = "true"
		Release.AspNetCompiler.FixedNames = "false"
		Release.AspNetCompiler.Debug = "False"
		VWDPort = "52618"
		SlnRelativePath = "app\dashboard\"
	EndProjectSection
EndProject
Project("{E24C65DC-7377-472B-9ABA-BC803B73C61A}") = "financear", "app\financear\", "{FDF5B4DE-A837-4761-B8B5-BE9036A0D99D}"
	ProjectSection(WebsiteProperties) = preProject
		TargetFrameworkMoniker = ".NETFramework,Version%3Dv4.5.2"
		ProjectReferences = "{8de6bb71-e0a1-4bb5-9ec9-6c7a02510085}|eProperty.dll;"
		Debug.AspNetCompiler.VirtualPath = "/localhost_52620"
		Debug.AspNetCompiler.PhysicalPath = "app\financear\"
		Debug.AspNetCompiler.TargetPath = "PrecompiledWeb\localhost_52620\"
		Debug.AspNetCompiler.Updateable = "true"
		Debug.AspNetCompiler.ForceOverwrite = "true"
		Debug.AspNetCompiler.FixedNames = "false"
		Debug.AspNetCompiler.Debug = "True"
		Release.AspNetCompiler.VirtualPath = "/localhost_52620"
		Release.AspNetCompiler.PhysicalPath = "app\financear\"
		Release.AspNetCompiler.TargetPath = "PrecompiledWeb\localhost_52620\"
		Release.AspNetCompiler.Updateable = "true"
		Release.AspNetCompiler.ForceOverwrite = "true"
		Release.AspNetCompiler.FixedNames = "false"
		Release.AspNetCompiler.Debug = "False"
		VWDPort = "52620"
		SlnRelativePath = "app\financear\"
	EndProjectSection
EndProject
Project("{E24C65DC-7377-472B-9ABA-BC803B73C61A}") = "komisi", "app\komisi\", "{A9CFE7BF-8959-4F91-8C86-EF66C0C099A7}"
	ProjectSection(WebsiteProperties) = preProject
		TargetFrameworkMoniker = ".NETFramework,Version%3Dv4.5.2"
		ProjectReferences = "{8de6bb71-e0a1-4bb5-9ec9-6c7a02510085}|eProperty.dll;"
		Debug.AspNetCompiler.VirtualPath = "/localhost_52622"
		Debug.AspNetCompiler.PhysicalPath = "app\komisi\"
		Debug.AspNetCompiler.TargetPath = "PrecompiledWeb\localhost_52622\"
		Debug.AspNetCompiler.Updateable = "true"
		Debug.AspNetCompiler.ForceOverwrite = "true"
		Debug.AspNetCompiler.FixedNames = "false"
		Debug.AspNetCompiler.Debug = "True"
		Release.AspNetCompiler.VirtualPath = "/localhost_52622"
		Release.AspNetCompiler.PhysicalPath = "app\komisi\"
		Release.AspNetCompiler.TargetPath = "PrecompiledWeb\localhost_52622\"
		Release.AspNetCompiler.Updateable = "true"
		Release.AspNetCompiler.ForceOverwrite = "true"
		Release.AspNetCompiler.FixedNames = "false"
		Release.AspNetCompiler.Debug = "False"
		VWDPort = "52622"
		SlnRelativePath = "app\komisi\"
	EndProjectSection
EndProject
Project("{E24C65DC-7377-472B-9ABA-BC803B73C61A}") = "kpa", "app\kpa\", "{A00A0C94-B072-4AAD-A234-E851949E53FB}"
	ProjectSection(WebsiteProperties) = preProject
		TargetFrameworkMoniker = ".NETFramework,Version%3Dv4.5.2"
		ProjectReferences = "{8de6bb71-e0a1-4bb5-9ec9-6c7a02510085}|eProperty.dll;"
		Debug.AspNetCompiler.VirtualPath = "/localhost_52623"
		Debug.AspNetCompiler.PhysicalPath = "app\kpa\"
		Debug.AspNetCompiler.TargetPath = "PrecompiledWeb\localhost_52623\"
		Debug.AspNetCompiler.Updateable = "true"
		Debug.AspNetCompiler.ForceOverwrite = "true"
		Debug.AspNetCompiler.FixedNames = "false"
		Debug.AspNetCompiler.Debug = "True"
		Release.AspNetCompiler.VirtualPath = "/localhost_52623"
		Release.AspNetCompiler.PhysicalPath = "app\kpa\"
		Release.AspNetCompiler.TargetPath = "PrecompiledWeb\localhost_52623\"
		Release.AspNetCompiler.Updateable = "true"
		Release.AspNetCompiler.ForceOverwrite = "true"
		Release.AspNetCompiler.FixedNames = "false"
		Release.AspNetCompiler.Debug = "False"
		VWDPort = "52623"
		SlnRelativePath = "app\kpa\"
	EndProjectSection
EndProject
Project("{E24C65DC-7377-472B-9ABA-BC803B73C61A}") = "launching", "app\launching\", "{FD1CBE24-6529-43F7-965F-A87A4DCB7545}"
	ProjectSection(WebsiteProperties) = preProject
		TargetFrameworkMoniker = ".NETFramework,Version%3Dv4.5.2"
		ProjectReferences = "{8de6bb71-e0a1-4bb5-9ec9-6c7a02510085}|eProperty.dll;"
		Debug.AspNetCompiler.VirtualPath = "/localhost_52624"
		Debug.AspNetCompiler.PhysicalPath = "app\launching\"
		Debug.AspNetCompiler.TargetPath = "PrecompiledWeb\localhost_52624\"
		Debug.AspNetCompiler.Updateable = "true"
		Debug.AspNetCompiler.ForceOverwrite = "true"
		Debug.AspNetCompiler.FixedNames = "false"
		Debug.AspNetCompiler.Debug = "True"
		Release.AspNetCompiler.VirtualPath = "/localhost_52624"
		Release.AspNetCompiler.PhysicalPath = "app\launching\"
		Release.AspNetCompiler.TargetPath = "PrecompiledWeb\localhost_52624\"
		Release.AspNetCompiler.Updateable = "true"
		Release.AspNetCompiler.ForceOverwrite = "true"
		Release.AspNetCompiler.FixedNames = "false"
		Release.AspNetCompiler.Debug = "False"
		VWDPort = "52624"
		SlnRelativePath = "app\launching\"
	EndProjectSection
EndProject
Project("{E24C65DC-7377-472B-9ABA-BC803B73C61A}") = "legal", "app\legal\", "{6556F046-8414-457F-915E-9C3F102F8830}"
	ProjectSection(WebsiteProperties) = preProject
		TargetFrameworkMoniker = ".NETFramework,Version%3Dv4.0"
		ProjectReferences = "{8de6bb71-e0a1-4bb5-9ec9-6c7a02510085}|eProperty.dll;"
		Debug.AspNetCompiler.VirtualPath = "/localhost_52625"
		Debug.AspNetCompiler.PhysicalPath = "app\legal\"
		Debug.AspNetCompiler.TargetPath = "PrecompiledWeb\localhost_52625\"
		Debug.AspNetCompiler.Updateable = "true"
		Debug.AspNetCompiler.ForceOverwrite = "true"
		Debug.AspNetCompiler.FixedNames = "false"
		Debug.AspNetCompiler.Debug = "True"
		Release.AspNetCompiler.VirtualPath = "/localhost_52625"
		Release.AspNetCompiler.PhysicalPath = "app\legal\"
		Release.AspNetCompiler.TargetPath = "PrecompiledWeb\localhost_52625\"
		Release.AspNetCompiler.Updateable = "true"
		Release.AspNetCompiler.ForceOverwrite = "true"
		Release.AspNetCompiler.FixedNames = "false"
		Release.AspNetCompiler.Debug = "False"
		VWDPort = "52625"
		SlnRelativePath = "app\legal\"
	EndProjectSection
EndProject
Project("{E24C65DC-7377-472B-9ABA-BC803B73C61A}") = "marketingjual", "app\marketingjual\", "{23AD57B1-799A-455E-9B5E-1625EC41A9EF}"
	ProjectSection(WebsiteProperties) = preProject
		TargetFrameworkMoniker = ".NETFramework,Version%3Dv4.5.2"
		ProjectReferences = "{8de6bb71-e0a1-4bb5-9ec9-6c7a02510085}|eProperty.dll;"
		Debug.AspNetCompiler.VirtualPath = "/localhost_52626"
		Debug.AspNetCompiler.PhysicalPath = "app\marketingjual\"
		Debug.AspNetCompiler.TargetPath = "PrecompiledWeb\localhost_52626\"
		Debug.AspNetCompiler.Updateable = "true"
		Debug.AspNetCompiler.ForceOverwrite = "true"
		Debug.AspNetCompiler.FixedNames = "false"
		Debug.AspNetCompiler.Debug = "True"
		Release.AspNetCompiler.VirtualPath = "/localhost_52626"
		Release.AspNetCompiler.PhysicalPath = "app\marketingjual\"
		Release.AspNetCompiler.TargetPath = "PrecompiledWeb\localhost_52626\"
		Release.AspNetCompiler.Updateable = "true"
		Release.AspNetCompiler.ForceOverwrite = "true"
		Release.AspNetCompiler.FixedNames = "false"
		Release.AspNetCompiler.Debug = "False"
		VWDPort = "52626"
		SlnRelativePath = "app\marketingjual\"
	EndProjectSection
EndProject
Project("{E24C65DC-7377-472B-9ABA-BC803B73C61A}") = "nup", "app\nup\", "{69DE4613-6A88-4E24-8DAA-76BACA1BC5E9}"
	ProjectSection(WebsiteProperties) = preProject
		TargetFrameworkMoniker = ".NETFramework,Version%3Dv4.5.2"
		ProjectReferences = "{8de6bb71-e0a1-4bb5-9ec9-6c7a02510085}|eProperty.dll;"
		Debug.AspNetCompiler.VirtualPath = "/localhost_52627"
		Debug.AspNetCompiler.PhysicalPath = "app\nup\"
		Debug.AspNetCompiler.TargetPath = "PrecompiledWeb\localhost_52627\"
		Debug.AspNetCompiler.Updateable = "true"
		Debug.AspNetCompiler.ForceOverwrite = "true"
		Debug.AspNetCompiler.FixedNames = "false"
		Debug.AspNetCompiler.Debug = "True"
		Release.AspNetCompiler.VirtualPath = "/localhost_52627"
		Release.AspNetCompiler.PhysicalPath = "app\nup\"
		Release.AspNetCompiler.TargetPath = "PrecompiledWeb\localhost_52627\"
		Release.AspNetCompiler.Updateable = "true"
		Release.AspNetCompiler.ForceOverwrite = "true"
		Release.AspNetCompiler.FixedNames = "false"
		Release.AspNetCompiler.Debug = "False"
		VWDPort = "52627"
		SlnRelativePath = "app\nup\"
	EndProjectSection
EndProject
Project("{E24C65DC-7377-472B-9ABA-BC803B73C61A}") = "root", "app\root\", "{335236A8-BE9E-49BC-B6D9-54B91BCCD6F2}"
	ProjectSection(WebsiteProperties) = preProject
		TargetFrameworkMoniker = ".NETFramework,Version%3Dv4.5.2"
		ProjectReferences = "{8de6bb71-e0a1-4bb5-9ec9-6c7a02510085}|eProperty.dll;"
		Debug.AspNetCompiler.VirtualPath = "/localhost_52628"
		Debug.AspNetCompiler.PhysicalPath = "app\root\"
		Debug.AspNetCompiler.TargetPath = "PrecompiledWeb\localhost_52628\"
		Debug.AspNetCompiler.Updateable = "true"
		Debug.AspNetCompiler.ForceOverwrite = "true"
		Debug.AspNetCompiler.FixedNames = "false"
		Debug.AspNetCompiler.Debug = "True"
		Release.AspNetCompiler.VirtualPath = "/localhost_52628"
		Release.AspNetCompiler.PhysicalPath = "app\root\"
		Release.AspNetCompiler.TargetPath = "PrecompiledWeb\localhost_52628\"
		Release.AspNetCompiler.Updateable = "true"
		Release.AspNetCompiler.ForceOverwrite = "true"
		Release.AspNetCompiler.FixedNames = "false"
		Release.AspNetCompiler.Debug = "False"
		VWDPort = "52628"
		SlnRelativePath = "app\root\"
	EndProjectSection
EndProject
Project("{E24C65DC-7377-472B-9ABA-BC803B73C61A}") = "security", "app\security\", "{C5C5546A-965E-44BD-BA22-AC8DF1FF8DCE}"
	ProjectSection(WebsiteProperties) = preProject
		TargetFrameworkMoniker = ".NETFramework,Version%3Dv4.5.2"
		ProjectReferences = "{8de6bb71-e0a1-4bb5-9ec9-6c7a02510085}|eProperty.dll;"
		Debug.AspNetCompiler.VirtualPath = "/localhost_52629"
		Debug.AspNetCompiler.PhysicalPath = "app\security\"
		Debug.AspNetCompiler.TargetPath = "PrecompiledWeb\localhost_52629\"
		Debug.AspNetCompiler.Updateable = "true"
		Debug.AspNetCompiler.ForceOverwrite = "true"
		Debug.AspNetCompiler.FixedNames = "false"
		Debug.AspNetCompiler.Debug = "True"
		Release.AspNetCompiler.VirtualPath = "/localhost_52629"
		Release.AspNetCompiler.PhysicalPath = "app\security\"
		Release.AspNetCompiler.TargetPath = "PrecompiledWeb\localhost_52629\"
		Release.AspNetCompiler.Updateable = "true"
		Release.AspNetCompiler.ForceOverwrite = "true"
		Release.AspNetCompiler.FixedNames = "false"
		Release.AspNetCompiler.Debug = "False"
		VWDPort = "52629"
		SlnRelativePath = "app\security\"
	EndProjectSection
EndProject
Project("{E24C65DC-7377-472B-9ABA-BC803B73C61A}") = "settings", "app\settings\", "{6A17F994-1080-4AC3-AB5F-C1494631D8F1}"
	ProjectSection(WebsiteProperties) = preProject
		TargetFrameworkMoniker = ".NETFramework,Version%3Dv4.5.2"
		ProjectReferences = "{8de6bb71-e0a1-4bb5-9ec9-6c7a02510085}|eProperty.dll;"
		Debug.AspNetCompiler.VirtualPath = "/localhost_52630"
		Debug.AspNetCompiler.PhysicalPath = "app\settings\"
		Debug.AspNetCompiler.TargetPath = "PrecompiledWeb\localhost_52630\"
		Debug.AspNetCompiler.Updateable = "true"
		Debug.AspNetCompiler.ForceOverwrite = "true"
		Debug.AspNetCompiler.FixedNames = "false"
		Debug.AspNetCompiler.Debug = "True"
		Release.AspNetCompiler.VirtualPath = "/localhost_52630"
		Release.AspNetCompiler.PhysicalPath = "app\settings\"
		Release.AspNetCompiler.TargetPath = "PrecompiledWeb\localhost_52630\"
		Release.AspNetCompiler.Updateable = "true"
		Release.AspNetCompiler.ForceOverwrite = "true"
		Release.AspNetCompiler.FixedNames = "false"
		Release.AspNetCompiler.Debug = "False"
		VWDPort = "52630"
		SlnRelativePath = "app\settings\"
	EndProjectSection
EndProject
Global
	GlobalSection(SolutionConfigurationPlatforms) = preSolution
		Debug|Any CPU = Debug|Any CPU
		Release|Any CPU = Release|Any CPU
	EndGlobalSection
	GlobalSection(ProjectConfigurationPlatforms) = postSolution
		{E93566AA-5298-4CFB-8663-15B08F92EC49}.Debug|Any CPU.ActiveCfg = Debug|Any CPU
		{E93566AA-5298-4CFB-8663-15B08F92EC49}.Debug|Any CPU.Build.0 = Debug|Any CPU
		{E93566AA-5298-4CFB-8663-15B08F92EC49}.Release|Any CPU.ActiveCfg = Debug|Any CPU
		{E93566AA-5298-4CFB-8663-15B08F92EC49}.Release|Any CPU.Build.0 = Debug|Any CPU
		{8DE6BB71-E0A1-4BB5-9EC9-6C7A02510085}.Debug|Any CPU.ActiveCfg = Debug|Any CPU
		{8DE6BB71-E0A1-4BB5-9EC9-6C7A02510085}.Debug|Any CPU.Build.0 = Debug|Any CPU
		{8DE6BB71-E0A1-4BB5-9EC9-6C7A02510085}.Release|Any CPU.ActiveCfg = Release|Any CPU
		{8DE6BB71-E0A1-4BB5-9EC9-6C7A02510085}.Release|Any CPU.Build.0 = Release|Any CPU
		{23926236-A4E6-4E60-9030-80E01B9A0387}.Debug|Any CPU.ActiveCfg = Debug|Any CPU
		{23926236-A4E6-4E60-9030-80E01B9A0387}.Debug|Any CPU.Build.0 = Debug|Any CPU
		{23926236-A4E6-4E60-9030-80E01B9A0387}.Release|Any CPU.ActiveCfg = Debug|Any CPU
		{23926236-A4E6-4E60-9030-80E01B9A0387}.Release|Any CPU.Build.0 = Debug|Any CPU
		{BA488430-8413-499B-B63B-68AE9B6B6B75}.Debug|Any CPU.ActiveCfg = Debug|Any CPU
		{BA488430-8413-499B-B63B-68AE9B6B6B75}.Debug|Any CPU.Build.0 = Debug|Any CPU
		{BA488430-8413-499B-B63B-68AE9B6B6B75}.Release|Any CPU.ActiveCfg = Debug|Any CPU
		{BA488430-8413-499B-B63B-68AE9B6B6B75}.Release|Any CPU.Build.0 = Debug|Any CPU
		{4708373A-8625-49B3-A95B-C4E0BE45D84F}.Debug|Any CPU.ActiveCfg = Debug|Any CPU
		{4708373A-8625-49B3-A95B-C4E0BE45D84F}.Debug|Any CPU.Build.0 = Debug|Any CPU
		{4708373A-8625-49B3-A95B-C4E0BE45D84F}.Release|Any CPU.ActiveCfg = Debug|Any CPU
		{4708373A-8625-49B3-A95B-C4E0BE45D84F}.Release|Any CPU.Build.0 = Debug|Any CPU
		{FDF5B4DE-A837-4761-B8B5-BE9036A0D99D}.Debug|Any CPU.ActiveCfg = Debug|Any CPU
		{FDF5B4DE-A837-4761-B8B5-BE9036A0D99D}.Debug|Any CPU.Build.0 = Debug|Any CPU
		{FDF5B4DE-A837-4761-B8B5-BE9036A0D99D}.Release|Any CPU.ActiveCfg = Debug|Any CPU
		{FDF5B4DE-A837-4761-B8B5-BE9036A0D99D}.Release|Any CPU.Build.0 = Debug|Any CPU
		{A9CFE7BF-8959-4F91-8C86-EF66C0C099A7}.Debug|Any CPU.ActiveCfg = Debug|Any CPU
		{A9CFE7BF-8959-4F91-8C86-EF66C0C099A7}.Debug|Any CPU.Build.0 = Debug|Any CPU
		{A9CFE7BF-8959-4F91-8C86-EF66C0C099A7}.Release|Any CPU.ActiveCfg = Debug|Any CPU
		{A9CFE7BF-8959-4F91-8C86-EF66C0C099A7}.Release|Any CPU.Build.0 = Debug|Any CPU
		{A00A0C94-B072-4AAD-A234-E851949E53FB}.Debug|Any CPU.ActiveCfg = Debug|Any CPU
		{A00A0C94-B072-4AAD-A234-E851949E53FB}.Debug|Any CPU.Build.0 = Debug|Any CPU
		{A00A0C94-B072-4AAD-A234-E851949E53FB}.Release|Any CPU.ActiveCfg = Debug|Any CPU
		{A00A0C94-B072-4AAD-A234-E851949E53FB}.Release|Any CPU.Build.0 = Debug|Any CPU
		{FD1CBE24-6529-43F7-965F-A87A4DCB7545}.Debug|Any CPU.ActiveCfg = Debug|Any CPU
		{FD1CBE24-6529-43F7-965F-A87A4DCB7545}.Debug|Any CPU.Build.0 = Debug|Any CPU
		{FD1CBE24-6529-43F7-965F-A87A4DCB7545}.Release|Any CPU.ActiveCfg = Debug|Any CPU
		{FD1CBE24-6529-43F7-965F-A87A4DCB7545}.Release|Any CPU.Build.0 = Debug|Any CPU
		{6556F046-8414-457F-915E-9C3F102F8830}.Debug|Any CPU.ActiveCfg = Debug|Any CPU
		{6556F046-8414-457F-915E-9C3F102F8830}.Debug|Any CPU.Build.0 = Debug|Any CPU
		{6556F046-8414-457F-915E-9C3F102F8830}.Release|Any CPU.ActiveCfg = Debug|Any CPU
		{6556F046-8414-457F-915E-9C3F102F8830}.Release|Any CPU.Build.0 = Debug|Any CPU
		{23AD57B1-799A-455E-9B5E-1625EC41A9EF}.Debug|Any CPU.ActiveCfg = Debug|Any CPU
		{23AD57B1-799A-455E-9B5E-1625EC41A9EF}.Debug|Any CPU.Build.0 = Debug|Any CPU
		{23AD57B1-799A-455E-9B5E-1625EC41A9EF}.Release|Any CPU.ActiveCfg = Debug|Any CPU
		{23AD57B1-799A-455E-9B5E-1625EC41A9EF}.Release|Any CPU.Build.0 = Debug|Any CPU
		{69DE4613-6A88-4E24-8DAA-76BACA1BC5E9}.Debug|Any CPU.ActiveCfg = Debug|Any CPU
		{69DE4613-6A88-4E24-8DAA-76BACA1BC5E9}.Debug|Any CPU.Build.0 = Debug|Any CPU
		{69DE4613-6A88-4E24-8DAA-76BACA1BC5E9}.Release|Any CPU.ActiveCfg = Debug|Any CPU
		{69DE4613-6A88-4E24-8DAA-76BACA1BC5E9}.Release|Any CPU.Build.0 = Debug|Any CPU
		{335236A8-BE9E-49BC-B6D9-54B91BCCD6F2}.Debug|Any CPU.ActiveCfg = Debug|Any CPU
		{335236A8-BE9E-49BC-B6D9-54B91BCCD6F2}.Debug|Any CPU.Build.0 = Debug|Any CPU
		{335236A8-BE9E-49BC-B6D9-54B91BCCD6F2}.Release|Any CPU.ActiveCfg = Debug|Any CPU
		{335236A8-BE9E-49BC-B6D9-54B91BCCD6F2}.Release|Any CPU.Build.0 = Debug|Any CPU
		{C5C5546A-965E-44BD-BA22-AC8DF1FF8DCE}.Debug|Any CPU.ActiveCfg = Debug|Any CPU
		{C5C5546A-965E-44BD-BA22-AC8DF1FF8DCE}.Debug|Any CPU.Build.0 = Debug|Any CPU
		{C5C5546A-965E-44BD-BA22-AC8DF1FF8DCE}.Release|Any CPU.ActiveCfg = Debug|Any CPU
		{C5C5546A-965E-44BD-BA22-AC8DF1FF8DCE}.Release|Any CPU.Build.0 = Debug|Any CPU
		{6A17F994-1080-4AC3-AB5F-C1494631D8F1}.Debug|Any CPU.ActiveCfg = Debug|Any CPU
		{6A17F994-1080-4AC3-AB5F-C1494631D8F1}.Debug|Any CPU.Build.0 = Debug|Any CPU
		{6A17F994-1080-4AC3-AB5F-C1494631D8F1}.Release|Any CPU.ActiveCfg = Debug|Any CPU
		{6A17F994-1080-4AC3-AB5F-C1494631D8F1}.Release|Any CPU.Build.0 = Debug|Any CPU
	EndGlobalSection
	GlobalSection(SolutionProperties) = preSolution
		HideSolutionNode = FALSE
	EndGlobalSection
	GlobalSection(ExtensibilityGlobals) = postSolution
		SolutionGuid = {703B592F-BDEB-43A2-9A6F-851F58CB69CF}
	EndGlobalSection
EndGlobal
